Microsoft Visual Studio Solution File, Format Version 12.00
# Visual Studio Version 17
VisualStudioVersion = 17.5.2.0
MinimumVisualStudioVersion = 10.0.40219.1
Project("{FAE04EC0-301F-11D3-BF4B-00C04F79EFBC}") = "ProxyFallbackAPI", "ProxyFallbackAPI\ProxyFallbackAPI.csproj", "{6CDFA65B-CF77-0516-C8F2-3499BFEB60B3}"
EndProject
Global
	GlobalSection(SolutionConfigurationPlatforms) = preSolution
		Debug|Any CPU = Debug|Any CPU
		Release|Any CPU = Release|Any CPU
	EndGlobalSection
	GlobalSection(ProjectConfigurationPlatforms) = postSolution
		{6CDFA65B-CF77-0516-C8F2-3499BFEB60B3}.Debug|Any CPU.ActiveCfg = Debug|Any CPU
		{6CDFA65B-CF77-0516-C8F2-3499BFEB60B3}.Debug|Any CPU.Build.0 = Debug|Any CPU
		{6CDFA65B-CF77-0516-C8F2-3499BFEB60B3}.Release|Any CPU.ActiveCfg = Release|Any CPU
		{6CDFA65B-CF77-0516-C8F2-3499BFEB60B3}.Release|Any CPU.Build.0 = Release|Any CPU
	EndGlobalSection
	GlobalSection(SolutionProperties) = preSolution
		HideSolutionNode = FALSE
	EndGlobalSection
	GlobalSection(ExtensibilityGlobals) = postSolution
		SolutionGuid = {58947FB4-DC05-418E-96CB-336A7510BD62}
	EndGlobalSection
EndGlobal
